
Microsoft Visual Studio Solution File, Format Version 12.00
# Visual Studio Version 16
VisualStudioVersion = 16.0.31702.278
MinimumVisualStudioVersion = 10.0.40219.1
Project("{8BC9CEB8-8B4A-11D0-8D11-00A0C91BC942}") = "Tarea", "Tarea\Tarea.vcxproj", "{DC6124D7-114B-4EA6-BEC3-63398E077228}"
EndProject
Project("{8BC9CEB8-8B4A-11D0-8D11-00A0C91BC942}") = "Pruebas Unitarias Tarea 2", "Pruebas Unitarias Tarea 2\Pruebas Unitarias Tarea 2.vcxproj", "{86323F65-C6C8-4774-AF25-1EDF351F7811}"
EndProject
Global
	GlobalSection(SolutionConfigurationPlatforms) = preSolution
		Debug|x64 = Debug|x64
		Debug|x86 = Debug|x86
		Release|x64 = Release|x64
		Release|x86 = Release|x86
	EndGlobalSection
	GlobalSection(ProjectConfigurationPlatforms) = postSolution
		{DC6124D7-114B-4EA6-BEC3-63398E077228}.Debug|x64.ActiveCfg = Debug|x64
		{DC6124D7-114B-4EA6-BEC3-63398E077228}.Debug|x64.Build.0 = Debug|x64
		{DC6124D7-114B-4EA6-BEC3-63398E077228}.Debug|x86.ActiveCfg = Debug|Win32
		{DC6124D7-114B-4EA6-BEC3-63398E077228}.Debug|x86.Build.0 = Debug|Win32
		{DC6124D7-114B-4EA6-BEC3-63398E077228}.Release|x64.ActiveCfg = Release|x64
		{DC6124D7-114B-4EA6-BEC3-63398E077228}.Release|x64.Build.0 = Release|x64
		{DC6124D7-114B-4EA6-BEC3-63398E077228}.Release|x86.ActiveCfg = Release|Win32
		{DC6124D7-114B-4EA6-BEC3-63398E077228}.Release|x86.Build.0 = Release|Win32
		{86323F65-C6C8-4774-AF25-1EDF351F7811}.Debug|x64.ActiveCfg = Debug|x64
		{86323F65-C6C8-4774-AF25-1EDF351F7811}.Debug|x64.Build.0 = Debug|x64
		{86323F65-C6C8-4774-AF25-1EDF351F7811}.Debug|x86.ActiveCfg = Debug|Win32
		{86323F65-C6C8-4774-AF25-1EDF351F7811}.Debug|x86.Build.0 = Debug|Win32
		{86323F65-C6C8-4774-AF25-1EDF351F7811}.Release|x64.ActiveCfg = Release|x64
		{86323F65-C6C8-4774-AF25-1EDF351F7811}.Release|x64.Build.0 = Release|x64
		{86323F65-C6C8-4774-AF25-1EDF351F7811}.Release|x86.ActiveCfg = Release|Win32
		{86323F65-C6C8-4774-AF25-1EDF351F7811}.Release|x86.Build.0 = Release|Win32
	EndGlobalSection
	GlobalSection(SolutionProperties) = preSolution
		HideSolutionNode = FALSE
	EndGlobalSection
	GlobalSection(ExtensibilityGlobals) = postSolution
		SolutionGuid = {8E0AACBD-DEC6-47A3-A292-0432259C368A}
	EndGlobalSection
EndGlobal
